
Microsoft Visual Studio Solution File, Format Version 12.00
# Visual Studio Version 16
VisualStudioVersion = 16.0.32802.440
MinimumVisualStudioVersion = 10.0.40219.1
Project("{FAE04EC0-301F-11D3-BF4B-00C04F79EFBC}") = "WebApplication3", "WebApplication3.csproj", "{81986B74-E8ED-47C4-8A54-FD2024C4E30F}"
EndProject
Global
	GlobalSection(SolutionConfigurationPlatforms) = preSolution
		Debug|Any CPU = Debug|Any CPU
		Release|Any CPU = Release|Any CPU
	EndGlobalSection
	GlobalSection(ProjectConfigurationPlatforms) = postSolution
		{81986B74-E8ED-47C4-8A54-FD2024C4E30F}.Debug|Any CPU.ActiveCfg = Debug|Any CPU
		{81986B74-E8ED-47C4-8A54-FD2024C4E30F}.Debug|Any CPU.Build.0 = Debug|Any CPU
		{81986B74-E8ED-47C4-8A54-FD2024C4E30F}.Release|Any CPU.ActiveCfg = Release|Any CPU
		{81986B74-E8ED-47C4-8A54-FD2024C4E30F}.Release|Any CPU.Build.0 = Release|Any CPU
	EndGlobalSection
	GlobalSection(SolutionProperties) = preSolution
		HideSolutionNode = FALSE
	EndGlobalSection
	GlobalSection(ExtensibilityGlobals) = postSolution
		SolutionGuid = {ABB39988-A5D5-4CA7-8D44-720616F2FCA6}
	EndGlobalSection
EndGlobal
