
Microsoft Visual Studio Solution File, Format Version 12.00
# Visual Studio Version 16
VisualStudioVersion = 16.0.32802.440
MinimumVisualStudioVersion = 10.0.40219.1
Project("{FAE04EC0-301F-11D3-BF4B-00C04F79EFBC}") = "WebApplication5", "WebApplication5.csproj", "{11983E0D-6AD8-47C9-A8BC-B9787F9E7D4D}"
EndProject
Global
	GlobalSection(SolutionConfigurationPlatforms) = preSolution
		Debug|Any CPU = Debug|Any CPU
		Release|Any CPU = Release|Any CPU
	EndGlobalSection
	GlobalSection(ProjectConfigurationPlatforms) = postSolution
		{11983E0D-6AD8-47C9-A8BC-B9787F9E7D4D}.Debug|Any CPU.ActiveCfg = Debug|Any CPU
		{11983E0D-6AD8-47C9-A8BC-B9787F9E7D4D}.Debug|Any CPU.Build.0 = Debug|Any CPU
		{11983E0D-6AD8-47C9-A8BC-B9787F9E7D4D}.Release|Any CPU.ActiveCfg = Release|Any CPU
		{11983E0D-6AD8-47C9-A8BC-B9787F9E7D4D}.Release|Any CPU.Build.0 = Release|Any CPU
	EndGlobalSection
	GlobalSection(SolutionProperties) = preSolution
		HideSolutionNode = FALSE
	EndGlobalSection
	GlobalSection(ExtensibilityGlobals) = postSolution
		SolutionGuid = {6A0CFFF9-B9A4-43FF-B19A-519BA564CC3C}
	EndGlobalSection
EndGlobal
