
Microsoft Visual Studio Solution File, Format Version 12.00
# Visual Studio Version 16
VisualStudioVersion = 16.0.32802.440
MinimumVisualStudioVersion = 10.0.40219.1
Project("{FAE04EC0-301F-11D3-BF4B-00C04F79EFBC}") = "ConsoleApp6", "ConsoleApp6.csproj", "{D080FE08-EAD1-44A6-B9BF-D2582D61AC28}"
EndProject
Global
	GlobalSection(SolutionConfigurationPlatforms) = preSolution
		Debug|Any CPU = Debug|Any CPU
		Release|Any CPU = Release|Any CPU
	EndGlobalSection
	GlobalSection(ProjectConfigurationPlatforms) = postSolution
		{D080FE08-EAD1-44A6-B9BF-D2582D61AC28}.Debug|Any CPU.ActiveCfg = Debug|Any CPU
		{D080FE08-EAD1-44A6-B9BF-D2582D61AC28}.Debug|Any CPU.Build.0 = Debug|Any CPU
		{D080FE08-EAD1-44A6-B9BF-D2582D61AC28}.Release|Any CPU.ActiveCfg = Release|Any CPU
		{D080FE08-EAD1-44A6-B9BF-D2582D61AC28}.Release|Any CPU.Build.0 = Release|Any CPU
	EndGlobalSection
	GlobalSection(SolutionProperties) = preSolution
		HideSolutionNode = FALSE
	EndGlobalSection
	GlobalSection(ExtensibilityGlobals) = postSolution
		SolutionGuid = {C601C709-DE6A-43F0-A663-579AF7877DE3}
	EndGlobalSection
EndGlobal
