
Microsoft Visual Studio Solution File, Format Version 12.00
# Visual Studio Version 16
VisualStudioVersion = 16.0.32802.440
MinimumVisualStudioVersion = 10.0.40219.1
Project("{FAE04EC0-301F-11D3-BF4B-00C04F79EFBC}") = "ConsoleApp4", "ConsoleApp4.csproj", "{07567EEA-5AC3-4C7E-9D44-B88035DFE1D2}"
EndProject
Global
	GlobalSection(SolutionConfigurationPlatforms) = preSolution
		Debug|Any CPU = Debug|Any CPU
		Release|Any CPU = Release|Any CPU
	EndGlobalSection
	GlobalSection(ProjectConfigurationPlatforms) = postSolution
		{07567EEA-5AC3-4C7E-9D44-B88035DFE1D2}.Debug|Any CPU.ActiveCfg = Debug|Any CPU
		{07567EEA-5AC3-4C7E-9D44-B88035DFE1D2}.Debug|Any CPU.Build.0 = Debug|Any CPU
		{07567EEA-5AC3-4C7E-9D44-B88035DFE1D2}.Release|Any CPU.ActiveCfg = Release|Any CPU
		{07567EEA-5AC3-4C7E-9D44-B88035DFE1D2}.Release|Any CPU.Build.0 = Release|Any CPU
	EndGlobalSection
	GlobalSection(SolutionProperties) = preSolution
		HideSolutionNode = FALSE
	EndGlobalSection
	GlobalSection(ExtensibilityGlobals) = postSolution
		SolutionGuid = {8D711756-23C0-4DC7-B63E-3E053BAE5172}
	EndGlobalSection
EndGlobal
